
Microsoft Visual Studio Solution File, Format Version 12.00
# Visual Studio 15
VisualStudioVersion = 15.0.27703.2035
MinimumVisualStudioVersion = 10.0.40219.1
Project("{FAE04EC0-301F-11D3-BF4B-00C04F79EFBC}") = "E-shop", "E-shop\E-shop.csproj", "{15F42B1D-68E9-4092-8F5D-450B6EE58DCB}"
EndProject
Global
	GlobalSection(SolutionConfigurationPlatforms) = preSolution
		Debug|Any CPU = Debug|Any CPU
		Release|Any CPU = Release|Any CPU
	EndGlobalSection
	GlobalSection(ProjectConfigurationPlatforms) = postSolution
		{15F42B1D-68E9-4092-8F5D-450B6EE58DCB}.Debug|Any CPU.ActiveCfg = Debug|Any CPU
		{15F42B1D-68E9-4092-8F5D-450B6EE58DCB}.Debug|Any CPU.Build.0 = Debug|Any CPU
		{15F42B1D-68E9-4092-8F5D-450B6EE58DCB}.Release|Any CPU.ActiveCfg = Release|Any CPU
		{15F42B1D-68E9-4092-8F5D-450B6EE58DCB}.Release|Any CPU.Build.0 = Release|Any CPU
	EndGlobalSection
	GlobalSection(SolutionProperties) = preSolution
		HideSolutionNode = FALSE
	EndGlobalSection
	GlobalSection(ExtensibilityGlobals) = postSolution
		SolutionGuid = {43801E04-46EC-4CB1-AA45-B05B481066E4}
	EndGlobalSection
EndGlobal
